PackratFormat: 1.4
PackratVersion: 0.4.8.1
RVersion: 3.4.1
Repos: CRAN=https://mirrors.nics.utk.edu/cran/

Package: BH
Source: CRAN
Version: 1.65.0-1
Hash: 95f62be4d6916aae14a310a8b56a6475

Package: DBI
Source: CRAN
Version: 0.7
Hash: 1ab72df487f06ad5f0de05446cdd4bd6

Package: MASS
Source: CRAN
Version: 7.3-47
Hash: cef924b1619219cfc32edbb8a340e652

Package: Matrix
Source: CRAN
Version: 1.2-9
Hash: 2ebcd58cfc6ac9afedc39c1795a704c8
Requires: lattice

Package: NMF
Source: CRAN
Version: 0.20.6
Hash: 632aad207ab2e551b33990c9f09ab8af
Requires: RColorBrewer, cluster, colorspace, digest, doParallel,
    foreach, ggplot2, gridBase, pkgmaker, registry, reshape2, rngtools,
    stringr

Package: R6
Source: CRAN
Version: 2.2.2
Hash: b2366cd9d2f3851a5704b4e192b985c2

Package: RColorBrewer
Source: CRAN
Version: 1.1-2
Hash: c0d56cd15034f395874c870141870c25

Package: RSQLite
Source: CRAN
Version: 2.0
Hash: 6fb66e96b21ee22fc386ed87cbf79797
Requires: BH, DBI, Rcpp, bit64, blob, memoise, pkgconfig, plogr

Package: Rcpp
Source: CRAN
Version: 0.12.12
Hash: 8b3d5ebb9a9a4ab5c86b3a81b0cfb774

Package: assertthat
Source: CRAN
Version: 0.2.0
Hash: e8805df54c65ac96d50235c44a82615c

Package: backports
Source: CRAN
Version: 1.1.1
Hash: add136c9d4540b96290e9cc438763da7

Package: base64enc
Source: CRAN
Version: 0.1-3
Hash: c590d29e555926af053055e23ee79efb

Package: bindr
Source: CRAN
Version: 0.1
Hash: e3a02070cf705d3ad1c5af1635a515a3

Package: bindrcpp
Source: CRAN
Version: 0.2
Hash: f5f300f6180e097c7ce174ef3c6307a6
Requires: Rcpp, bindr, plogr

Package: bit
Source: CRAN
Version: 1.1-12
Hash: a4cdb11cf9fd6dd38f9f40c413b81e93

Package: bit64
Source: CRAN
Version: 0.9-7
Hash: 4b195615d19ba49c114eb04e09e30a96
Requires: bit

Package: bitops
Source: CRAN
Version: 1.0-6
Hash: 67d0775189fd0041d95abca618c5c07e

Package: blob
Source: CRAN
Version: 1.1.0
Hash: e29764e47f2faf0cd5b74cbcddc3fa9c
Requires: tibble

Package: boxes
Source: github
Version: 0.0.0.9000
Hash: d8a8117f6d18854c0d18136b1e49bee7
Requires: assertthat, clisymbols, crayon
GithubRepo: boxes
GithubUsername: r-lib
GithubRef: master
GithubSha1: 03098dc521b28a46abe91eb46bb5fd8ed9bae671

Package: brew
Source: CRAN
Version: 1.0-6
Hash: 931f9972deae0f205e1c78a51f33149b

Package: caTools
Source: CRAN
Version: 1.17.1
Hash: 97cb6f6293cd18d17df77a6383cc6763
Requires: bitops

Package: callr
Source: github
Version: 1.0.0.9000
Hash: ba4ecc05514ac7f44406c6166d9c3ee0
Requires: R6, processx
GithubRepo: callr
GithubUsername: r-lib
GithubRef: master
GithubSha1: 2dffbbe502c7aba84fc0785add4a1e588f88b03c

Package: clipr
Source: CRAN
Version: 0.3.3
Hash: de175afda52e4d7aa526db464db7bb68

Package: clisymbols
Source: CRAN
Version: 1.2.0
Hash: a76a309884277a4fd8a5d741965fbef5

Package: cluster
Source: CRAN
Version: 2.0.6
Hash: 8aa5c05d0394b5659e122d096aff8f63

Package: colorspace
Source: CRAN
Version: 1.3-2
Hash: 0bf8618b585fa98eb23414cd3ab95118

Package: commonmark
Source: CRAN
Version: 1.4
Hash: 91d7807331a4a37ef8376fb073960ee4

Package: covr
Source: CRAN
Version: 3.0.0
Hash: 48fd7b88ecf2dda957c03ea1740b5a43
Requires: crayon, httr, jsonlite, rex, withr

Package: crancache
Source: github
Version: 0.0.0.9000
Hash: 9bbcc82d8a0a89125cc91a3757c416a7
Requires: callr, cranlike, curl, desc, digest, parsedate, rappdirs,
    withr
GithubRepo: crancache
GithubUsername: r-lib
GithubRef: master
GithubSha1: 11e6bde59e05b76b8dcabb194f693592e31d93f3

Package: cranlike
Source: CRAN
Version: 1.0.1
Hash: e73826f4af846034f100c01a62069b72
Requires: DBI, RSQLite, debugme, desc

Package: crayon
Source: github
Version: 1.3.2.9000
Hash: 42fe74d399ace4ed48c99e1950b08773
GithubRepo: crayon
GithubUsername: gaborcsardi
GithubRef: master
GithubSha1: e4dba3b4e27f571c1eebaafbfc8724ca10a090bc

Package: curl
Source: CRAN
Version: 2.8.1
Hash: 5a3f385f21add1e944b93b3cd9ce8b48

Package: debugme
Source: CRAN
Version: 1.0.2
Hash: 28d8f97402746afa3bf2ce392173c957
Requires: crayon

Package: desc
Source: CRAN
Version: 1.1.1
Hash: 2f99e95211c4ba6efcf5538d096587fc
Requires: R6, assertthat, crayon, rprojroot

Package: devtools
Source: CRAN
Version: 1.13.1
Hash: 8dadb6c6a916c8312dddc7b4d394c9f3
Requires: digest, git2r, httr, jsonlite, memoise, rstudioapi, whisker,
    withr

Package: dichromat
Source: CRAN
Version: 2.0-0
Hash: 08eed0c80510af29bb15f840ccfe37ce

Package: digest
Source: CRAN
Version: 0.6.12
Hash: e53fb8c58673df868183697e39a6a4d6

Package: doParallel
Source: CRAN
Version: 1.0.11
Hash: cb602c6ef64eced7c8f32b206d4d74b4
Requires: foreach, iterators

Package: dplyr
Source: CRAN
Version: 0.7.4
Hash: 0a6b851f060705e7d2f09441645fba0b
Requires: BH, R6, Rcpp, assertthat, bindrcpp, glue, magrittr,
    pkgconfig, plogr, rlang, tibble

Package: evaluate
Source: CRAN
Version: 0.10.1
Hash: 54d95f4ec6d0300100413ed0127d89ae
Requires: stringr

Package: forcats
Source: CRAN
Version: 0.2.0
Hash: e5a3b0b96a39f5581467b0c6366f7408
Requires: magrittr, tibble

Package: foreach
Source: CRAN
Version: 1.4.3
Hash: cd53ef4cf29dc59ce3f8c5c1af735fd1
Requires: iterators

Package: formatR
Source: CRAN
Version: 1.5
Hash: 258cf79a8dbeedf1c981cdb53837d2af

Package: ggplot2
Source: CRAN
Version: 2.2.1
Hash: 46e5cb78836848aa44655e577433f54b
Requires: MASS, digest, gtable, lazyeval, plyr, reshape2, scales,
    tibble

Package: git2r
Source: CRAN
Version: 0.19.0
Hash: f4f7966fc357f60dc62dbffcea917eef

Package: glue
Source: CRAN
Version: 1.1.1
Hash: dfd5a27768175ae51d08dc6beba1ef11

Package: gmailr
Source: CRAN
Version: 0.7.1
Hash: 69302be7fe9b4dbb2d1e971e63e4703c
Requires: base64enc, crayon, httr, jsonlite, magrittr, mime

Package: gridBase
Source: CRAN
Version: 0.4-7
Hash: d4b7f73c0fdf11d18d1e1ae1643ac4ec

Package: gridExtra
Source: CRAN
Version: 2.3
Hash: fa977bc1aab5588a08123b10ceb1ad3d
Requires: gtable

Package: gtable
Source: CRAN
Version: 0.2.0
Hash: cd78381a9d3fea966ac39bd0daaf5554

Package: highr
Source: CRAN
Version: 0.6
Hash: aa3d5b7912b5fed4b546ed5cd2a1760b

Package: hms
Source: CRAN
Version: 0.3
Hash: 3fca8a1c97e6cfb297fe3f4690f82c58

Package: htmltools
Source: CRAN
Version: 0.3.6
Hash: 5b070a04ef8df1953544873db1c5896e
Requires: Rcpp, digest

Package: htmlwidgets
Source: CRAN
Version: 0.9
Hash: 7514f6ea9f3bef6d9b6c945095275302
Requires: htmltools, jsonlite, yaml

Package: httpuv
Source: CRAN
Version: 1.3.5
Hash: 2cc5284565b71276d1faf3d5c043fe4e
Requires: Rcpp

Package: httr
Source: CRAN
Version: 1.3.1
Hash: 2d32e01e53d532c812052e27a1021441
Requires: R6, curl, jsonlite, mime, openssl

Package: igraph
Source: CRAN
Version: 1.1.2
Hash: 07d33f151f94269a4573d354104e81aa
Requires: Matrix, irlba, magrittr, pkgconfig

Package: irlba
Source: CRAN
Version: 2.3.1
Hash: e3d9d719dff18ad0359ac861fa80cfd1
Requires: Matrix

Package: iterators
Source: CRAN
Version: 1.0.8
Hash: 488b93c2a4166db0d15f1e8d882cb1d4

Package: jsonlite
Source: CRAN
Version: 1.5
Hash: 9c51936d8dd00b2f1d4fe9d10499694c

Package: knitr
Source: CRAN
Version: 1.17
Hash: f6b2bf543ee3e25f5b92bb46f9958c5f
Requires: digest, evaluate, highr, markdown, stringr, yaml

Package: labeling
Source: CRAN
Version: 0.3
Hash: ecf589b42cd284b03a4beb9665482d3e

Package: lattice
Source: CRAN
Version: 0.20-35
Hash: 26b9d7f0d0cb4e1d1bbb97f867c82d89

Package: lazyeval
Source: CRAN
Version: 0.2.0
Hash: 3d6e7608e65bbf5cb170dab1e3c9ed8b

Package: lineprof
Source: github
Version: 0.1.9001
Hash: 3f767ccf0b4741ac925caae05a75fd43
Requires: Rcpp, shiny, stringr
GithubRepo: lineprof
GithubUsername: hadley
GithubRef: master
GithubSha1: 972e71dca0087ed8452e21f914fd612376075d5b

Package: listviewer
Source: CRAN
Version: 1.4.0
Hash: 1ba384647832321e8b40ef071ebe2b30
Requires: htmltools, htmlwidgets, shiny

Package: lubridate
Source: CRAN
Version: 1.6.0
Hash: b90f4cbefe0b3c545dd68b22c66a8a12
Requires: stringr

Package: magrittr
Source: CRAN
Version: 1.5
Hash: bdc4d48c3135e8f3b399536ddf160df4

Package: markdown
Source: CRAN
Version: 0.8
Hash: 045d7c594d503b41f1c28946d076c8aa
Requires: mime

Package: memoise
Source: CRAN
Version: 1.1.0
Hash: 410fcd334bc626db100237cc1370f2e9
Requires: digest

Package: mime
Source: CRAN
Version: 0.5
Hash: 463550cf44fb6f0a2359368f42eebe62

Package: munsell
Source: CRAN
Version: 0.4.3
Hash: f96d896947fcaf9b6d0074002e9f4f9d
Requires: colorspace

Package: needs
Source: CRAN
Version: 0.0.3
Hash: 0ac67536eedf946d041860e02d7246c8

Package: openssl
Source: CRAN
Version: 0.9.6
Hash: 5f4711e142a44655dfea4d64fcf2f641

Package: packrat
Source: CRAN
Version: 0.4.8-1
Hash: 6ad605ba7b4b476d84be6632393f5765

Package: parsedate
Source: CRAN
Version: 1.1.3
Hash: 85902ad85833c2e722af340d486ef256

Package: pkgconfig
Source: CRAN
Version: 2.0.1
Hash: 0dda4a2654a22b36a715c2b0b6fbacac

Package: pkgmaker
Source: CRAN
Version: 0.22
Hash: 2e5fc2a6b7eaeb1e1d397a8dc5f54480
Requires: digest, registry, stringr, xtable

Package: plogr
Source: CRAN
Version: 0.1-1
Hash: fb19215402e2d9f1c7f803dcaa806fc2

Package: plyr
Source: CRAN
Version: 1.8.4
Hash: 8fbaff6962e3421b5c9652eebae36159
Requires: Rcpp

Package: praise
Source: CRAN
Version: 1.0.0
Hash: 77da8f1df873a4b91e5c4a68fe2fb1b6

Package: prettyunits
Source: CRAN
Version: 1.0.2
Hash: 49286102a855640daaa38eafe8b1ec30
Requires: assertthat, magrittr

Package: processx
Source: CRAN
Version: 2.0.0.1
Hash: cfb7e4911fb7451f16f812580571652f
Requires: R6, assertthat, crayon, debugme

Package: profvis
Source: CRAN
Version: 0.3.3
Hash: 41076859eb76a7514acc5ef9ca73949c
Requires: htmlwidgets, stringr

Package: progress
Source: github
Version: 1.1.2.9000
Hash: fc1f6d517640480eb0e9743b782634a3
Requires: R6, hms, prettyunits
GithubRepo: progress
GithubUsername: gaborcsardi
GithubRef: master
GithubSha1: 5e753313acf2acc151413adf39dea8c2f4857b6d

Package: pryr
Source: CRAN
Version: 0.1.3
Hash: 13ec0b4d03dfd9bef79bbd0fb8ba315d
Requires: Rcpp, stringr

Package: purrr
Source: CRAN
Version: 0.2.2.2
Hash: faada139260184912fea03f3fea13842
Requires: Rcpp, lazyeval, magrittr, tibble

Package: rappdirs
Source: CRAN
Version: 0.3.1
Hash: 7340cfebc77ad7b107a549a8635e64dd

Package: rcmdcheck
Source: github
Version: 1.2.1.9002
Hash: a671d203819fba1b7d425a4ba528656c
Requires: R6, callr, clisymbols, crayon, desc, digest, prettyunits,
    rprojroot, withr
GithubRepo: rcmdcheck
GithubUsername: r-lib
GithubRef: master
GithubSha1: f224da0a71860602567240819df4165a62942e2c

Package: readr
Source: CRAN
Version: 1.1.1
Hash: 608d01ba857a1acf3c9ddf6ab3d10869
Requires: BH, R6, Rcpp, hms, tibble

Package: registry
Source: CRAN
Version: 0.3
Hash: f9447c26b51b8c96f53720c5ff862c93

Package: remotes
Source: github
Version: 1.1.0
Hash: d242da7e26bb7908e45829c78b07694c
GithubRepo: remotes
GithubUsername: r-lib
GithubRef: master
GithubSha1: fbca078d801d0ecf33e26851a249589a7810c7b0

Package: reprex
Source: CRAN
Version: 0.1.1
Hash: b37e230f08fe96c0685265c1bd61da8f
Requires: callr, clipr, knitr, rmarkdown, whisker

Package: reshape2
Source: CRAN
Version: 1.4.2
Hash: df8d1de05444abd99e423c1e3b84c9b0
Requires: Rcpp, plyr, stringr

Package: revdepcheck
Source: github
Version: 1.0.0.9000
Hash: 89f2de9c56eca052d6db389fa8c50d81
Requires: DBI, RSQLite, assertthat, boxes, callr, clisymbols,
    crancache, crayon, desc, glue, gmailr, jsonlite, knitr,
    prettyunits, processx, progress, rcmdcheck, remotes, sessioninfo,
    whoami, withr, yaml
GithubRepo: revdepcheck
GithubUsername: r-lib
GithubRef: master
GithubSha1: 20811610e8d673537f591042ac97a9024044c4e8

Package: rex
Source: CRAN
Version: 1.1.2
Hash: 57541aaae58f1a284a398f5c62c95097
Requires: lazyeval, magrittr

Package: rlang
Source: CRAN
Version: 0.1.2
Hash: c17b638e3282aa222a47112d7a60bc66

Package: rmarkdown
Source: CRAN
Version: 1.6
Hash: 40f4034a7b8e28edc2b384bdb0c4d537
Requires: base64enc, caTools, evaluate, htmltools, jsonlite, knitr,
    rprojroot, stringr, yaml

Package: rngtools
Source: CRAN
Version: 1.2.4
Hash: 4db0661fe95ab6eb3d6339495bf22003
Requires: digest, pkgmaker, stringr

Package: roxygen2
Source: CRAN
Version: 6.0.1
Hash: 82a85278378502d37455fcfc84951433
Requires: R6, Rcpp, brew, commonmark, desc, digest, stringi, stringr,
    xml2

Package: rprojroot
Source: CRAN
Version: 1.2
Hash: fdcac51a7f47decd60556ceefc3c26b1
Requires: backports

Package: rstudioapi
Source: CRAN
Version: 0.7
Hash: e2ebaff8160aff3e6b32e6e78a693c2d

Package: scales
Source: CRAN
Version: 0.4.1
Hash: c23bc27bbba87e4039706edf29d8eb68
Requires: RColorBrewer, Rcpp, dichromat, labeling, munsell, plyr

Package: sessioninfo
Source: CRAN
Version: 1.0.0
Hash: 476aebe8359d1cbd68169a2f28f2fb7d
Requires: clisymbols, withr

Package: shiny
Source: CRAN
Version: 1.0.5
Hash: 4d47532a807122bfd6bc3818310f9d2e
Requires: R6, digest, htmltools, httpuv, jsonlite, mime, sourcetools,
    xtable

Package: slam
Source: CRAN
Version: 0.1-40
Hash: 72064713f4746f9bb8a0435c8bf61bd1

Package: sourcetools
Source: CRAN
Version: 0.1.6
Hash: 226d56d7469587da40b0f96180e711b4

Package: stringi
Source: CRAN
Version: 1.1.5
Hash: b6308e49357a0b475f433599e0d8b5eb

Package: stringr
Source: CRAN
Version: 1.2.0
Hash: 25a86d7f410513ebb7c0bc6a5e16bdc3
Requires: magrittr, stringi

Package: testthat
Source: CRAN
Version: 1.0.2
Hash: 88d5291104227f9dc2e7c7c1d0eb6c74
Requires: R6, crayon, digest, magrittr, praise

Package: tibble
Source: CRAN
Version: 1.3.4
Hash: 3111e0d62502af60fe0fa8b4213fedad
Requires: Rcpp, rlang

Package: tidyr
Source: CRAN
Version: 0.6.3
Hash: ab001782aeb1a20618d240e91188d23a
Requires: Rcpp, dplyr, lazyeval, magrittr, stringi, tibble

Package: ulimit
Source: github
Version: 0.0-3
Hash: 96243b172b2a205dc2a037294dfbbe73
GithubRepo: ulimit
GithubUsername: krlmlr
GithubRef: master
GithubSha1: dfed47f89bdc6adaceb0fd0e3bc68443448a2530

Package: viridis
Source: CRAN
Version: 0.4.0
Hash: 5bdac1bcf74a10a7a96f82191f498ab7
Requires: ggplot2, gridExtra, viridisLite

Package: viridisLite
Source: CRAN
Version: 0.2.0
Hash: 10f0c25af3dc84eaae10f5854f47efdb

Package: whisker
Source: CRAN
Version: 0.3-2
Hash: 803d662762e532705c2c066a82d066e7

Package: whoami
Source: CRAN
Version: 1.1.1
Hash: d6a42b76a7cb3724cfa1e625056d84b0
Requires: httr, jsonlite

Package: withr
Source: CRAN
Version: 2.0.0
Hash: cc7e555b8e249aa5cf391592fcae71a2

Package: wordcloud
Source: CRAN
Version: 2.5
Hash: a91280f8e7fface3e7910892f0b85dd9
Requires: RColorBrewer, Rcpp, slam

Package: xml2
Source: CRAN
Version: 1.1.1
Hash: 534feed3c69280ec9529f1e54fd6c428
Requires: BH, Rcpp

Package: xtable
Source: CRAN
Version: 1.8-2
Hash: 7293235cfcc14cdff1ce7fd1a0212031

Package: yaml
Source: CRAN
Version: 2.1.14
Hash: c81230c3a7d9ba20607ad6b4331173d1
